
Microsoft Visual Studio Solution File, Format Version 12.00
# Visual Studio Version 16
VisualStudioVersion = 16.0.30104.148
MinimumVisualStudioVersion = 10.0.40219.1
Project("{9A19103F-16F7-4668-BE54-9A1E7A4F7556}") = "rn.gas.server", "rn.gas.server\rn.gas.server.csproj", "{B4F717AE-4E5E-477C-8A3C-72F1F285D1DA}"
EndProject
Project("{9A19103F-16F7-4668-BE54-9A1E7A4F7556}") = "rn.gas.client", "rn.gas.client\rn.gas.client.csproj", "{ECE55BC2-FDF6-46A1-A466-2D469BA5A622}"
EndProject
Global
	GlobalSection(SolutionConfigurationPlatforms) = preSolution
		Debug|Any CPU = Debug|Any CPU
		Release|Any CPU = Release|Any CPU
	EndGlobalSection
	GlobalSection(ProjectConfigurationPlatforms) = postSolution
		{B4F717AE-4E5E-477C-8A3C-72F1F285D1DA}.Debug|Any CPU.ActiveCfg = Debug|Any CPU
		{B4F717AE-4E5E-477C-8A3C-72F1F285D1DA}.Debug|Any CPU.Build.0 = Debug|Any CPU
		{B4F717AE-4E5E-477C-8A3C-72F1F285D1DA}.Release|Any CPU.ActiveCfg = Release|Any CPU
		{B4F717AE-4E5E-477C-8A3C-72F1F285D1DA}.Release|Any CPU.Build.0 = Release|Any CPU
		{ECE55BC2-FDF6-46A1-A466-2D469BA5A622}.Debug|Any CPU.ActiveCfg = Debug|Any CPU
		{ECE55BC2-FDF6-46A1-A466-2D469BA5A622}.Debug|Any CPU.Build.0 = Debug|Any CPU
		{ECE55BC2-FDF6-46A1-A466-2D469BA5A622}.Release|Any CPU.ActiveCfg = Release|Any CPU
		{ECE55BC2-FDF6-46A1-A466-2D469BA5A622}.Release|Any CPU.Build.0 = Release|Any CPU
	EndGlobalSection
	GlobalSection(SolutionProperties) = preSolution
		HideSolutionNode = FALSE
	EndGlobalSection
	GlobalSection(ExtensibilityGlobals) = postSolution
		SolutionGuid = {0CA688D1-658D-4E7D-A3DF-7FD0C9F780CC}
	EndGlobalSection
EndGlobal
